
Microsoft Visual Studio Solution File, Format Version 12.00
# Visual Studio Version 17
VisualStudioVersion = 17.4.33213.308
MinimumVisualStudioVersion = 10.0.40219.1
Project("{9A19103F-16F7-4668-BE54-9A1E7A4F7556}") = "AlvaoDocAzure", "AlvaoDocAzure\AlvaoDocAzure.csproj", "{AD8AC438-8103-47E8-A2A8-A949CFBC323E}"
EndProject
Global
	GlobalSection(SolutionConfigurationPlatforms) = preSolution
		Debug|Any CPU = Debug|Any CPU
		Release|Any CPU = Release|Any CPU
	EndGlobalSection
	GlobalSection(ProjectConfigurationPlatforms) = postSolution
		{AD8AC438-8103-47E8-A2A8-A949CFBC323E}.Debug|Any CPU.ActiveCfg = Debug|Any CPU
		{AD8AC438-8103-47E8-A2A8-A949CFBC323E}.Debug|Any CPU.Build.0 = Debug|Any CPU
		{AD8AC438-8103-47E8-A2A8-A949CFBC323E}.Release|Any CPU.ActiveCfg = Release|Any CPU
		{AD8AC438-8103-47E8-A2A8-A949CFBC323E}.Release|Any CPU.Build.0 = Release|Any CPU
	EndGlobalSection
	GlobalSection(SolutionProperties) = preSolution
		HideSolutionNode = FALSE
	EndGlobalSection
	GlobalSection(ExtensibilityGlobals) = postSolution
		SolutionGuid = {BEF3513D-49FF-46C7-8417-32774C843D09}
	EndGlobalSection
EndGlobal
